Microsoft Visual Studio Solution File, Format Version 12.00
# Visual Studio 15
VisualStudioVersion = 15.0.26730.3
MinimumVisualStudioVersion = 15.0.26124.0
Project("{2150E333-8FDC-42A3-9474-1A3956D46DE8}") = "src", "src", "{FC1A1C1F-5F63-480D-B0CE-0FB51ECD776E}"
EndProject
Project("{9A19103F-16F7-4668-BE54-9A1E7A4F7556}") = "RuleEngine", "src\RuleEngine\RuleEngine.csproj", "{BF769F28-85ED-417E-8B8E-92826F973D0A}"
EndProject
Project("{9A19103F-16F7-4668-BE54-9A1E7A4F7556}") = "RuleEngine.Demo", "src\RuleEngine.Demo\RuleEngine.Demo.csproj", "{188C1876-6D2B-44EC-937C-3E35E81618C1}"
EndProject
Project("{9A19103F-16F7-4668-BE54-9A1E7A4F7556}") = "RuleEngine.Test", "src\RuleEngine.Test\RuleEngine.Test.csproj", "{C4D21110-1A9A-439E-A787-988CECF5AF8B}"
EndProject
Global
	GlobalSection(SolutionConfigurationPlatforms) = preSolution
		Debug|Any CPU = Debug|Any CPU
		Debug|x64 = Debug|x64
		Debug|x86 = Debug|x86
		Release|Any CPU = Release|Any CPU
		Release|x64 = Release|x64
		Release|x86 = Release|x86
	EndGlobalSection
	GlobalSection(ProjectConfigurationPlatforms) = postSolution
		{BF769F28-85ED-417E-8B8E-92826F973D0A}.Debug|Any CPU.ActiveCfg = Debug|Any CPU
		{BF769F28-85ED-417E-8B8E-92826F973D0A}.Debug|Any CPU.Build.0 = Debug|Any CPU
		{BF769F28-85ED-417E-8B8E-92826F973D0A}.Debug|x64.ActiveCfg = Debug|Any CPU
		{BF769F28-85ED-417E-8B8E-92826F973D0A}.Debug|x64.Build.0 = Debug|Any CPU
		{BF769F28-85ED-417E-8B8E-92826F973D0A}.Debug|x86.ActiveCfg = Debug|Any CPU
		{BF769F28-85ED-417E-8B8E-92826F973D0A}.Debug|x86.Build.0 = Debug|Any CPU
		{BF769F28-85ED-417E-8B8E-92826F973D0A}.Release|Any CPU.ActiveCfg = Release|Any CPU
		{BF769F28-85ED-417E-8B8E-92826F973D0A}.Release|Any CPU.Build.0 = Release|Any CPU
		{BF769F28-85ED-417E-8B8E-92826F973D0A}.Release|x64.ActiveCfg = Release|Any CPU
		{BF769F28-85ED-417E-8B8E-92826F973D0A}.Release|x64.Build.0 = Release|Any CPU
		{BF769F28-85ED-417E-8B8E-92826F973D0A}.Release|x86.ActiveCfg = Release|Any CPU
		{BF769F28-85ED-417E-8B8E-92826F973D0A}.Release|x86.Build.0 = Release|Any CPU
		{188C1876-6D2B-44EC-937C-3E35E81618C1}.Debug|Any CPU.ActiveCfg = Debug|Any CPU
		{188C1876-6D2B-44EC-937C-3E35E81618C1}.Debug|Any CPU.Build.0 = Debug|Any CPU
		{188C1876-6D2B-44EC-937C-3E35E81618C1}.Debug|x64.ActiveCfg = Debug|Any CPU
		{188C1876-6D2B-44EC-937C-3E35E81618C1}.Debug|x64.Build.0 = Debug|Any CPU
		{188C1876-6D2B-44EC-937C-3E35E81618C1}.Debug|x86.ActiveCfg = Debug|Any CPU
		{188C1876-6D2B-44EC-937C-3E35E81618C1}.Debug|x86.Build.0 = Debug|Any CPU
		{188C1876-6D2B-44EC-937C-3E35E81618C1}.Release|Any CPU.ActiveCfg = Release|Any CPU
		{188C1876-6D2B-44EC-937C-3E35E81618C1}.Release|Any CPU.Build.0 = Release|Any CPU
		{188C1876-6D2B-44EC-937C-3E35E81618C1}.Release|x64.ActiveCfg = Release|Any CPU
		{188C1876-6D2B-44EC-937C-3E35E81618C1}.Release|x64.Build.0 = Release|Any CPU
		{188C1876-6D2B-44EC-937C-3E35E81618C1}.Release|x86.ActiveCfg = Release|Any CPU
		{188C1876-6D2B-44EC-937C-3E35E81618C1}.Release|x86.Build.0 = Release|Any CPU
		{C4D21110-1A9A-439E-A787-988CECF5AF8B}.Debug|Any CPU.ActiveCfg = Debug|Any CPU
		{C4D21110-1A9A-439E-A787-988CECF5AF8B}.Debug|Any CPU.Build.0 = Debug|Any CPU
		{C4D21110-1A9A-439E-A787-988CECF5AF8B}.Debug|x64.ActiveCfg = Debug|Any CPU
		{C4D21110-1A9A-439E-A787-988CECF5AF8B}.Debug|x64.Build.0 = Debug|Any CPU
		{C4D21110-1A9A-439E-A787-988CECF5AF8B}.Debug|x86.ActiveCfg = Debug|Any CPU
		{C4D21110-1A9A-439E-A787-988CECF5AF8B}.Debug|x86.Build.0 = Debug|Any CPU
		{C4D21110-1A9A-439E-A787-988CECF5AF8B}.Release|Any CPU.ActiveCfg = Release|Any CPU
		{C4D21110-1A9A-439E-A787-988CECF5AF8B}.Release|Any CPU.Build.0 = Release|Any CPU
		{C4D21110-1A9A-439E-A787-988CECF5AF8B}.Release|x64.ActiveCfg = Release|Any CPU
		{C4D21110-1A9A-439E-A787-988CECF5AF8B}.Release|x64.Build.0 = Release|Any CPU
		{C4D21110-1A9A-439E-A787-988CECF5AF8B}.Release|x86.ActiveCfg = Release|Any CPU
		{C4D21110-1A9A-439E-A787-988CECF5AF8B}.Release|x86.Build.0 = Release|Any CPU
	EndGlobalSection
	GlobalSection(SolutionProperties) = preSolution
		HideSolutionNode = FALSE
	EndGlobalSection
	GlobalSection(NestedProjects) = preSolution
		{BF769F28-85ED-417E-8B8E-92826F973D0A} = {FC1A1C1F-5F63-480D-B0CE-0FB51ECD776E}
		{188C1876-6D2B-44EC-937C-3E35E81618C1} = {FC1A1C1F-5F63-480D-B0CE-0FB51ECD776E}
		{C4D21110-1A9A-439E-A787-988CECF5AF8B} = {FC1A1C1F-5F63-480D-B0CE-0FB51ECD776E}
	EndGlobalSection
	GlobalSection(ExtensibilityGlobals) = postSolution
		SolutionGuid = {F88FF5F2-22F4-4A37-8F5C-87553C6D90BF}
	EndGlobalSection
EndGlobal
